
Microsoft Visual Studio Solution File, Format Version 12.00
# Visual Studio Version 17
VisualStudioVersion = 17.7.34221.43
MinimumVisualStudioVersion = 10.0.40219.1
Project("{FAE04EC0-301F-11D3-BF4B-00C04F79EFBC}") = "CaesarCipher", "CaesarCipher.csproj", "{11AA54D9-F0D0-4F43-9B33-A9FB67F6C575}"
EndProject
Project("{FAE04EC0-301F-11D3-BF4B-00C04F79EFBC}") = "VigenereCipher", "..\VigenereCipher\VigenereCipher.csproj", "{C8A5C8E6-52D4-4AAB-84D5-C404EE96A66D}"
EndProject
Global
	GlobalSection(SolutionConfigurationPlatforms) = preSolution
		Debug|Any CPU = Debug|Any CPU
		Release|Any CPU = Release|Any CPU
	EndGlobalSection
	GlobalSection(ProjectConfigurationPlatforms) = postSolution
		{11AA54D9-F0D0-4F43-9B33-A9FB67F6C575}.Debug|Any CPU.ActiveCfg = Debug|Any CPU
		{11AA54D9-F0D0-4F43-9B33-A9FB67F6C575}.Debug|Any CPU.Build.0 = Debug|Any CPU
		{11AA54D9-F0D0-4F43-9B33-A9FB67F6C575}.Release|Any CPU.ActiveCfg = Release|Any CPU
		{11AA54D9-F0D0-4F43-9B33-A9FB67F6C575}.Release|Any CPU.Build.0 = Release|Any CPU
		{C8A5C8E6-52D4-4AAB-84D5-C404EE96A66D}.Debug|Any CPU.ActiveCfg = Debug|Any CPU
		{C8A5C8E6-52D4-4AAB-84D5-C404EE96A66D}.Debug|Any CPU.Build.0 = Debug|Any CPU
		{C8A5C8E6-52D4-4AAB-84D5-C404EE96A66D}.Release|Any CPU.ActiveCfg = Release|Any CPU
		{C8A5C8E6-52D4-4AAB-84D5-C404EE96A66D}.Release|Any CPU.Build.0 = Release|Any CPU
	EndGlobalSection
	GlobalSection(SolutionProperties) = preSolution
		HideSolutionNode = FALSE
	EndGlobalSection
	GlobalSection(ExtensibilityGlobals) = postSolution
		SolutionGuid = {2872F61C-6E3C-41ED-A4BD-823041F0EA85}
	EndGlobalSection
EndGlobal
