
Microsoft Visual Studio Solution File, Format Version 12.00
# Visual Studio Version 16
VisualStudioVersion = 16.0.32106.194
MinimumVisualStudioVersion = 10.0.40219.1
Project("{FAE04EC0-301F-11D3-BF4B-00C04F79EFBC}") = "2", "2\2.csproj", "{0CB7ED05-BBF5-4797-8AC7-B514E0DBF168}"
EndProject
Global
	GlobalSection(SolutionConfigurationPlatforms) = preSolution
		Debug|Any CPU = Debug|Any CPU
		Release|Any CPU = Release|Any CPU
	EndGlobalSection
	GlobalSection(ProjectConfigurationPlatforms) = postSolution
		{0CB7ED05-BBF5-4797-8AC7-B514E0DBF168}.Debug|Any CPU.ActiveCfg = Debug|Any CPU
		{0CB7ED05-BBF5-4797-8AC7-B514E0DBF168}.Debug|Any CPU.Build.0 = Debug|Any CPU
		{0CB7ED05-BBF5-4797-8AC7-B514E0DBF168}.Release|Any CPU.ActiveCfg = Release|Any CPU
		{0CB7ED05-BBF5-4797-8AC7-B514E0DBF168}.Release|Any CPU.Build.0 = Release|Any CPU
	EndGlobalSection
	GlobalSection(SolutionProperties) = preSolution
		HideSolutionNode = FALSE
	EndGlobalSection
	GlobalSection(ExtensibilityGlobals) = postSolution
		SolutionGuid = {F7DDA727-9602-401C-93BB-553B0F7AAD61}
	EndGlobalSection
EndGlobal
