
Microsoft Visual Studio Solution File, Format Version 12.00
# Visual Studio Version 17
VisualStudioVersion = 17.3.32825.248
MinimumVisualStudioVersion = 10.0.40219.1
Project("{FAE04EC0-301F-11D3-BF4B-00C04F79EFBC}") = "_153504_KLIMKOVICH_Lab9", "_153504_KLIMKOVICH_Lab9\_153504_KLIMKOVICH_Lab9.csproj", "{FF372372-E91E-49BA-AC5B-77AFD2B705EA}"
EndProject
Project("{FAE04EC0-301F-11D3-BF4B-00C04F79EFBC}") = "_153504_KLIMKOVICH_Lab9.Domain", "_153504_KLIMKOVICH_Lab9.Domain\_153504_KLIMKOVICH_Lab9.Domain.csproj", "{4F9F3029-E040-4491-8B13-F4CE9BA41ED9}"
EndProject
Project("{FAE04EC0-301F-11D3-BF4B-00C04F79EFBC}") = "Serializer", "Serializer\Serializer.csproj", "{6C54CFD1-273C-46F4-ADDF-7F3BE7F96610}"
EndProject
Global
	GlobalSection(SolutionConfigurationPlatforms) = preSolution
		Debug|Any CPU = Debug|Any CPU
		Release|Any CPU = Release|Any CPU
	EndGlobalSection
	GlobalSection(ProjectConfigurationPlatforms) = postSolution
		{FF372372-E91E-49BA-AC5B-77AFD2B705EA}.Debug|Any CPU.ActiveCfg = Debug|Any CPU
		{FF372372-E91E-49BA-AC5B-77AFD2B705EA}.Debug|Any CPU.Build.0 = Debug|Any CPU
		{FF372372-E91E-49BA-AC5B-77AFD2B705EA}.Release|Any CPU.ActiveCfg = Release|Any CPU
		{FF372372-E91E-49BA-AC5B-77AFD2B705EA}.Release|Any CPU.Build.0 = Release|Any CPU
		{4F9F3029-E040-4491-8B13-F4CE9BA41ED9}.Debug|Any CPU.ActiveCfg = Debug|Any CPU
		{4F9F3029-E040-4491-8B13-F4CE9BA41ED9}.Debug|Any CPU.Build.0 = Debug|Any CPU
		{4F9F3029-E040-4491-8B13-F4CE9BA41ED9}.Release|Any CPU.ActiveCfg = Release|Any CPU
		{4F9F3029-E040-4491-8B13-F4CE9BA41ED9}.Release|Any CPU.Build.0 = Release|Any CPU
		{6C54CFD1-273C-46F4-ADDF-7F3BE7F96610}.Debug|Any CPU.ActiveCfg = Debug|Any CPU
		{6C54CFD1-273C-46F4-ADDF-7F3BE7F96610}.Debug|Any CPU.Build.0 = Debug|Any CPU
		{6C54CFD1-273C-46F4-ADDF-7F3BE7F96610}.Release|Any CPU.ActiveCfg = Release|Any CPU
		{6C54CFD1-273C-46F4-ADDF-7F3BE7F96610}.Release|Any CPU.Build.0 = Release|Any CPU
	EndGlobalSection
	GlobalSection(SolutionProperties) = preSolution
		HideSolutionNode = FALSE
	EndGlobalSection
	GlobalSection(ExtensibilityGlobals) = postSolution
		SolutionGuid = {3763812B-AEDC-4478-9086-D80D08CB187E}
	EndGlobalSection
EndGlobal
